// !$*UTF8*$!
{
	archiveVersion = 1;
	classes = {
	};
	objectVersion = 50;
	objects = {

/* Begin PBXBuildFile section */
		23C9CEBD22C7B4A0001373DC /* AppDelegate.swift in Sources */ = {isa = PBXBuildFile; fileRef = 23C9CEBC22C7B4A0001373DC /* AppDelegate.swift */; };
		23C9CEBF22C7B4A0001373DC /* ViewController.swift in Sources */ = {isa = PBXBuildFile; fileRef = 23C9CEBE22C7B4A0001373DC /* ViewController.swift */; };
		23C9CEC222C7B4A0001373DC /* Main.storyboard in Resources */ = {isa = PBXBuildFile; fileRef = 23C9CEC022C7B4A0001373DC /* Main.storyboard */; };
		23C9CEC422C7B4A2001373DC /* Assets.xcassets in Resources */ = {isa = PBXBuildFile; fileRef = 23C9CEC322C7B4A2001373DC /* Assets.xcassets */; };
		23C9CEC722C7B4A2001373DC /* LaunchScreen.storyboard in Resources */ = {isa = PBXBuildFile; fileRef = 23C9CEC522C7B4A2001373DC /* LaunchScreen.storyboard */; };
		23C9CEEB22C7B4F3001373DC /* Set.swift in Sources */ = {isa = PBXBuildFile; fileRef = 23C9CEEA22C7B4F3001373DC /* Set.swift */; };
		23C9CEED22C7B500001373DC /* Card.swift in Sources */ = {isa = PBXBuildFile; fileRef = 23C9CEEC22C7B500001373DC /* Card.swift */; };
/* End PBXBuildFile section */

/* Begin PBXContainerItemProxy section */
		23C9CECE22C7B4A2001373DC /* PBXContainerItemProxy */ = {
			isa = PBXContainerItemProxy;
			containerPortal = 23C9CEB122C7B4A0001373DC /* Project object */;
			proxyType = 1;
			remoteGlobalIDString = 23C9CEB822C7B4A0001373DC;
			remoteInfo = Set;
		};
		23C9CED922C7B4A2001373DC /* PBXContainerItemProxy */ = {
			isa = PBXContainerItemProxy;
			containerPortal = 23C9CEB122C7B4A0001373DC /* Project object */;
			proxyType = 1;
			remoteGlobalIDString = 23C9CEB822C7B4A0001373DC;
			remoteInfo = Set;
		};
/* End PBXContainerItemProxy section */

/* Begin PBXFileReference section */
		23C9CEB922C7B4A0001373DC /* Set.app */ = {isa = PBXFileReference; explicitFileType = wrapper.application; includeInIndex = 0; path = Set.app; sourceTree = BUILT_PRODUCTS_DIR; };
		23C9CEBC22C7B4A0001373DC /* AppDelegate.swift */ = {isa = PBXFileReference; lastKnownFileType = sourcecode.swift; path = AppDelegate.swift; sourceTree = "<group>"; };
		23C9CEBE22C7B4A0001373DC /* ViewController.swift */ = {isa = PBXFileReference; lastKnownFileType = sourcecode.swift; path = ViewController.swift; sourceTree = "<group>"; };
		23C9CEC122C7B4A0001373DC /* Base */ = {isa = PBXFileReference; lastKnownFileType = file.storyboard; name = Base; path = Base.lproj/Main.storyboard; sourceTree = "<group>"; };
		23C9CEC322C7B4A2001373DC /* Assets.xcassets */ = {isa = PBXFileReference; lastKnownFileType = folder.assetcatalog; path = Assets.xcassets; sourceTree = "<group>"; };
		23C9CEC622C7B4A2001373DC /* Base */ = {isa = PBXFileReference; lastKnownFileType = file.storyboard; name = Base; path = Base.lproj/LaunchScreen.storyboard; sourceTree = "<group>"; };
		23C9CEC822C7B4A2001373DC /* Info.plist */ = {isa = PBXFileReference; lastKnownFileType = text.plist.xml; path = Info.plist; sourceTree = "<group>"; };
		23C9CECD22C7B4A2001373DC /* SetTests.xctest */ = {isa = PBXFileReference; explicitFileType = wrapper.cfbundle; includeInIndex = 0; path = SetTests.xctest; sourceTree = BUILT_PRODUCTS_DIR; };
		23C9CED822C7B4A2001373DC /* SetUITests.xctest */ = {isa = PBXFileReference; explicitFileType = wrapper.cfbundle; includeInIndex = 0; path = SetUITests.xctest; sourceTree = BUILT_PRODUCTS_DIR; };
		23C9CEEA22C7B4F3001373DC /* Set.swift */ = {isa = PBXFileReference; lastKnownFileType = sourcecode.swift; path = Set.swift; sourceTree = "<group>"; };
		23C9CEEC22C7B500001373DC /* Card.swift */ = {isa = PBXFileReference; lastKnownFileType = sourcecode.swift; path = Card.swift; sourceTree = "<group>"; };
		23E873C6231173CA0050C6D4 /* OldViewController.swift */ = {isa = PBXFileReference; lastKnownFileType = sourcecode.swift; path = OldViewController.swift; sourceTree = "<group>"; };
/* End PBXFileReference section */

/* Begin PBXFrameworksBuildPhase section */
		23C9CEB622C7B4A0001373DC /* Frameworks */ = {
			isa = PBXFrameworksBuildPhase;
			buildActionMask = 2147483647;
			files = (
			);
			runOnlyForDeploymentPostprocessing = 0;
		};
		23C9CECA22C7B4A2001373DC /* Frameworks */ = {
			isa = PBXFrameworksBuildPhase;
			buildActionMask = 2147483647;
			files = (
			);
			runOnlyForDeploymentPostprocessing = 0;
		};
		23C9CED522C7B4A2001373DC /* Frameworks */ = {
			isa = PBXFrameworksBuildPhase;
			buildActionMask = 2147483647;
			files = (
			);
			runOnlyForDeploymentPostprocessing = 0;
		};
/* End PBXFrameworksBuildPhase section */

/* Begin PBXGroup section */
		23C9CEB022C7B4A0001373DC = {
			isa = PBXGroup;
			children = (
				23C9CEBB22C7B4A0001373DC /* Set */,
				23C9CEBA22C7B4A0001373DC /* Products */,
			);
			sourceTree = "<group>";
		};
		23C9CEBA22C7B4A0001373DC /* Products */ = {
			isa = PBXGroup;
			children = (
				23C9CEB922C7B4A0001373DC /* Set.app */,
				23C9CECD22C7B4A2001373DC /* SetTests.xctest */,
				23C9CED822C7B4A2001373DC /* SetUITests.xctest */,
			);
			name = Products;
			sourceTree = "<group>";
		};
		23C9CEBB22C7B4A0001373DC /* Set */ = {
			isa = PBXGroup;
			children = (
				23C9CEBC22C7B4A0001373DC /* AppDelegate.swift */,
				23C9CEBE22C7B4A0001373DC /* ViewController.swift */,
				23E873C6231173CA0050C6D4 /* OldViewController.swift */,
				23C9CEC022C7B4A0001373DC /* Main.storyboard */,
				23C9CEEA22C7B4F3001373DC /* Set.swift */,
				23C9CEEC22C7B500001373DC /* Card.swift */,
				23C9CEC322C7B4A2001373DC /* Assets.xcassets */,
				23C9CEC522C7B4A2001373DC /* LaunchScreen.storyboard */,
				23C9CEC822C7B4A2001373DC /* Info.plist */,
			);
			path = Set;
			sourceTree = "<group>";
		};
/* End PBXGroup section */

/* Begin PBXNativeTarget section */
		23C9CEB822C7B4A0001373DC /* Set */ = {
			isa = PBXNativeTarget;
			buildConfigurationList = 23C9CEE122C7B4A2001373DC /* Build configuration list for PBXNativeTarget "Set" */;
			buildPhases = (
				23C9CEB522C7B4A0001373DC /* Sources */,
				23C9CEB622C7B4A0001373DC /* Frameworks */,
				23C9CEB722C7B4A0001373DC /* Resources */,
			);
			buildRules = (
			);
			dependencies = (
			);
			name = Set;
			productName = Set;
			productReference = 23C9CEB922C7B4A0001373DC /* Set.app */;
			productType = "com.apple.product-type.application";
		};
		23C9CECC22C7B4A2001373DC /* SetTests */ = {
			isa = PBXNativeTarget;
			buildConfigurationList = 23C9CEE422C7B4A2001373DC /* Build configuration list for PBXNativeTarget "SetTests" */;
			buildPhases = (
				23C9CEC922C7B4A2001373DC /* Sources */,
				23C9CECA22C7B4A2001373DC /* Frameworks */,
				23C9CECB22C7B4A2001373DC /* Resources */,
			);
			buildRules = (
			);
			dependencies = (
				23C9CECF22C7B4A2001373DC /* PBXTargetDependency */,
			);
			name = SetTests;
			productName = SetTests;
			productReference = 23C9CECD22C7B4A2001373DC /* SetTests.xctest */;
			productType = "com.apple.product-type.bundle.unit-test";
		};
		23C9CED722C7B4A2001373DC /* SetUITests */ = {
			isa = PBXNativeTarget;
			buildConfigurationList = 23C9CEE722C7B4A2001373DC /* Build configuration list for PBXNativeTarget "SetUITests" */;
			buildPhases = (
				23C9CED422C7B4A2001373DC /* Sources */,
				23C9CED522C7B4A2001373DC /* Frameworks */,
				23C9CED622C7B4A2001373DC /* Resources */,
			);
			buildRules = (
			);
			dependencies = (
				23C9CEDA22C7B4A2001373DC /* PBXTargetDependency */,
			);
			name = SetUITests;
			productName = SetUITests;
			productReference = 23C9CED822C7B4A2001373DC /* SetUITests.xctest */;
			productType = "com.apple.product-type.bundle.ui-testing";
		};
/* End PBXNativeTarget section */

/* Begin PBXProject section */
		23C9CEB122C7B4A0001373DC /* Project object */ = {
			isa = PBXProject;
			attributes = {
				LastSwiftUpdateCheck = 1020;
				LastUpgradeCheck = 1020;
				ORGANIZATIONNAME = "Niko Neufeld";
				TargetAttributes = {
					23C9CEB822C7B4A0001373DC = {
						CreatedOnToolsVersion = 10.2.1;
					};
					23C9CECC22C7B4A2001373DC = {
						CreatedOnToolsVersion = 10.2.1;
						TestTargetID = 23C9CEB822C7B4A0001373DC;
					};
					23C9CED722C7B4A2001373DC = {
						CreatedOnToolsVersion = 10.2.1;
						TestTargetID = 23C9CEB822C7B4A0001373DC;
					};
				};
			};
			buildConfigurationList = 23C9CEB422C7B4A0001373DC /* Build configuration list for PBXProject "Set" */;
			compatibilityVersion = "Xcode 9.3";
			developmentRegion = en;
			hasScannedForEncodings = 0;
			knownRegions = (
				en,
				Base,
			);
			mainGroup = 23C9CEB022C7B4A0001373DC;
			productRefGroup = 23C9CEBA22C7B4A0001373DC /* Products */;
			projectDirPath = "";
			projectRoot = "";
			targets = (
				23C9CEB822C7B4A0001373DC /* Set */,
				23C9CECC22C7B4A2001373DC /* SetTests */,
				23C9CED722C7B4A2001373DC /* SetUITests */,
			);
		};
/* End PBXProject section */

/* Begin PBXResourcesBuildPhase section */
		23C9CEB722C7B4A0001373DC /* Resources */ = {
			isa = PBXResourcesBuildPhase;
			buildActionMask = 2147483647;
			files = (
				23C9CEC722C7B4A2001373DC /* LaunchScreen.storyboard in Resources */,
				23C9CEC422C7B4A2001373DC /* Assets.xcassets in Resources */,
				23C9CEC222C7B4A0001373DC /* Main.storyboard in Resources */,
			);
			runOnlyForDeploymentPostprocessing = 0;
		};
		23C9CECB22C7B4A2001373DC /* Resources */ = {
			isa = PBXResourcesBuildPhase;
			buildActionMask = 2147483647;
			files = (
			);
			runOnlyForDeploymentPostprocessing = 0;
		};
		23C9CED622C7B4A2001373DC /* Resources */ = {
			isa = PBXResourcesBuildPhase;
			buildActionMask = 2147483647;
			files = (
			);
			runOnlyForDeploymentPostprocessing = 0;
		};
/* End PBXResourcesBuildPhase section */

/* Begin PBXSourcesBuildPhase section */
		23C9CEB522C7B4A0001373DC /* Sources */ = {
			isa = PBXSourcesBuildPhase;
			buildActionMask = 2147483647;
			files = (
				23C9CEBF22C7B4A0001373DC /* ViewController.swift in Sources */,
				23C9CEBD22C7B4A0001373DC /* AppDelegate.swift in Sources */,
				23C9CEEB22C7B4F3001373DC /* Set.swift in Sources */,
				23C9CEED22C7B500001373DC /* Card.swift in Sources */,
			);
			runOnlyForDeploymentPostprocessing = 0;
		};
		23C9CEC922C7B4A2001373DC /* Sources */ = {
			isa = PBXSourcesBuildPhase;
			buildActionMask = 2147483647;
			files = (
			);
			runOnlyForDeploymentPostprocessing = 0;
		};
		23C9CED422C7B4A2001373DC /* Sources */ = {
			isa = PBXSourcesBuildPhase;
			buildActionMask = 2147483647;
			files = (
			);
			runOnlyForDeploymentPostprocessing = 0;
		};
/* End PBXSourcesBuildPhase section */

/* Begin PBXTargetDependency section */
		23C9CECF22C7B4A2001373DC /* PBXTargetDependency */ = {
			isa = PBXTargetDependency;
			target = 23C9CEB822C7B4A0001373DC /* Set */;
			targetProxy = 23C9CECE22C7B4A2001373DC /* PBXContainerItemProxy */;
		};
		23C9CEDA22C7B4A2001373DC /* PBXTargetDependency */ = {
			isa = PBXTargetDependency;
			target = 23C9CEB822C7B4A0001373DC /* Set */;
			targetProxy = 23C9CED922C7B4A2001373DC /* PBXContainerItemProxy */;
		};
/* End PBXTargetDependency section */

/* Begin PBXVariantGroup section */
		23C9CEC022C7B4A0001373DC /* Main.storyboard */ = {
			isa = PBXVariantGroup;
			children = (
				23C9CEC122C7B4A0001373DC /* Base */,
			);
			name = Main.storyboard;
			sourceTree = "<group>";
		};
		23C9CEC522C7B4A2001373DC /* LaunchScreen.storyboard */ = {
			isa = PBXVariantGroup;
			children = (
				23C9CEC622C7B4A2001373DC /* Base */,
			);
			name = LaunchScreen.storyboard;
			sourceTree = "<group>";
		};
/* End PBXVariantGroup section */

/* Begin XCBuildConfiguration section */
		23C9CEDF22C7B4A2001373DC /* Debug */ = {
			isa = XCBuildConfiguration;
			buildSettings = {
				ALWAYS_SEARCH_USER_PATHS = NO;
				CLANG_ANALYZER_NONNULL = YES;
				CLANG_ANALYZER_NUMBER_OBJECT_CONVERSION = YES_AGGRESSIVE;
				CLANG_CXX_LANGUAGE_STANDARD = "gnu++14";
				CLANG_CXX_LIBRARY = "libc++";
				CLANG_ENABLE_MODULES = YES;
				CLANG_ENABLE_OBJC_ARC = YES;
				CLANG_ENABLE_OBJC_WEAK = YES;
				CLANG_WARN_BLOCK_CAPTURE_AUTORELEASING = YES;
				CLANG_WARN_BOOL_CONVERSION = YES;
				CLANG_WARN_COMMA = YES;
				CLANG_WARN_CONSTANT_CONVERSION = YES;
				CLANG_WARN_DEPRECATED_OBJC_IMPLEMENTATIONS = YES;
				CLANG_WARN_DIRECT_OBJC_ISA_USAGE = YES_ERROR;
				CLANG_WARN_DOCUMENTATION_COMMENTS = YES;
				CLANG_WARN_EMPTY_BODY = YES;
				CLANG_WARN_ENUM_CONVERSION = YES;
				CLANG_WARN_INFINITE_RECURSION = YES;
				CLANG_WARN_INT_CONVERSION = YES;
				CLANG_WARN_NON_LITERAL_NULL_CONVERSION = YES;
				CLANG_WARN_OBJC_IMPLICIT_RETAIN_SELF = YES;
				CLANG_WARN_OBJC_LITERAL_CONVERSION = YES;
				CLANG_WARN_OBJC_ROOT_CLASS = YES_ERROR;
				CLANG_WARN_RANGE_LOOP_ANALYSIS = YES;
				CLANG_WARN_STRICT_PROTOTYPES = YES;
				CLANG_WARN_SUSPICIOUS_MOVE = YES;
				CLANG_WARN_UNGUARDED_AVAILABILITY = YES_AGGRESSIVE;
				CLANG_WARN_UNREACHABLE_CODE = YES;
				CLANG_WARN__DUPLICATE_METHOD_MATCH = YES;
				CODE_SIGN_IDENTITY = "iPhone Developer";
				COPY_PHASE_STRIP = NO;
				DEBUG_INFORMATION_FORMAT = dwarf;
				ENABLE_STRICT_OBJC_MSGSEND = YES;
				ENABLE_TESTABILITY = YES;
				GCC_C_LANGUAGE_STANDARD = gnu11;
				GCC_DYNAMIC_NO_PIC = NO;
				GCC_NO_COMMON_BLOCKS = YES;
				GCC_OPTIMIZATION_LEVEL = 0;
				GCC_PREPROCESSOR_DEFINITIONS = (
					"DEBUG=1",
					"$(inherited)",
				);
				GCC_WARN_64_TO_32_BIT_CONVERSION = YES;
				GCC_WARN_ABOUT_RETURN_TYPE = YES_ERROR;
				GCC_WARN_UNDECLARED_SELECTOR = YES;
				GCC_WARN_UNINITIALIZED_AUTOS = YES_AGGRESSIVE;
				GCC_WARN_UNUSED_FUNCTION = YES;
				GCC_WARN_UNUSED_VARIABLE = YES;
				IPHONEOS_DEPLOYMENT_TARGET = 12.2;
				MTL_ENABLE_DEBUG_INFO = INCLUDE_SOURCE;
				MTL_FAST_MATH = YES;
				ONLY_ACTIVE_ARCH = YES;
				SDKROOT = iphoneos;
				SWIFT_ACTIVE_COMPILATION_CONDITIONS = DEBUG;
				SWIFT_OPTIMIZATION_LEVEL = "-Onone";
			};
			name = Debug;
		};
		23C9CEE022C7B4A2001373DC /* Release */ = {
			isa = XCBuildConfiguration;
			buildSettings = {
				ALWAYS_SEARCH_USER_PATHS = NO;
				CLANG_ANALYZER_NONNULL = YES;
				CLANG_ANALYZER_NUMBER_OBJECT_CONVERSION = YES_AGGRESSIVE;
				CLANG_CXX_LANGUAGE_STANDARD = "gnu++14";
				CLANG_CXX_LIBRARY = "libc++";
				CLANG_ENABLE_MODULES = YES;
				CLANG_ENABLE_OBJC_ARC = YES;
				CLANG_ENABLE_OBJC_WEAK = YES;
				CLANG_WARN_BLOCK_CAPTURE_AUTORELEASING = YES;
				CLANG_WARN_BOOL_CONVERSION = YES;
				CLANG_WARN_COMMA = YES;
				CLANG_WARN_CONSTANT_CONVERSION = YES;
				CLANG_WARN_DEPRECATED_OBJC_IMPLEMENTATIONS = YES;
				CLANG_WARN_DIRECT_OBJC_ISA_USAGE = YES_ERROR;
				CLANG_WARN_DOCUMENTATION_COMMENTS = YES;
				CLANG_WARN_EMPTY_BODY = YES;
				CLANG_WARN_ENUM_CONVERSION = YES;
				CLANG_WARN_INFINITE_RECURSION = YES;
				CLANG_WARN_INT_CONVERSION = YES;
				CLANG_WARN_NON_LITERAL_NULL_CONVERSION = YES;
				CLANG_WARN_OBJC_IMPLICIT_RETAIN_SELF = YES;
				CLANG_WARN_OBJC_LITERAL_CONVERSION = YES;
				CLANG_WARN_OBJC_ROOT_CLASS = YES_ERROR;
				CLANG_WARN_RANGE_LOOP_ANALYSIS = YES;
				CLANG_WARN_STRICT_PROTOTYPES = YES;
				CLANG_WARN_SUSPICIOUS_MOVE = YES;
				CLANG_WARN_UNGUARDED_AVAILABILITY = YES_AGGRESSIVE;
				CLANG_WARN_UNREACHABLE_CODE = YES;
				CLANG_WARN__DUPLICATE_METHOD_MATCH = YES;
				CODE_SIGN_IDENTITY = "iPhone Developer";
				COPY_PHASE_STRIP = NO;
				DEBUG_INFORMATION_FORMAT = "dwarf-with-dsym";
				ENABLE_NS_ASSERTIONS = NO;
				ENABLE_STRICT_OBJC_MSGSEND = YES;
				GCC_C_LANGUAGE_STANDARD = gnu11;
				GCC_NO_COMMON_BLOCKS = YES;
				GCC_WARN_64_TO_32_BIT_CONVERSION = YES;
				GCC_WARN_ABOUT_RETURN_TYPE = YES_ERROR;
				GCC_WARN_UNDECLARED_SELECTOR = YES;
				GCC_WARN_UNINITIALIZED_AUTOS = YES_AGGRESSIVE;
				GCC_WARN_UNUSED_FUNCTION = YES;
				GCC_WARN_UNUSED_VARIABLE = YES;
				IPHONEOS_DEPLOYMENT_TARGET = 12.2;
				MTL_ENABLE_DEBUG_INFO = NO;
				MTL_FAST_MATH = YES;
				SDKROOT = iphoneos;
				SWIFT_COMPILATION_MODE = wholemodule;
				SWIFT_OPTIMIZATION_LEVEL = "-O";
				VALIDATE_PRODUCT = YES;
			};
			name = Release;
		};
		23C9CEE222C7B4A2001373DC /* Debug */ = {
			isa = XCBuildConfiguration;
			buildSettings = {
				ASSETCATALOG_COMPILER_APPICON_NAME = AppIcon;
				CODE_SIGN_STYLE = Automatic;
				DEVELOPMENT_TEAM = 4YN9Y656UY;
				INFOPLIST_FILE = Set/Info.plist;
				LD_RUNPATH_SEARCH_PATHS = (
					"$(inherited)",
					"@executable_path/Frameworks",
				);
				PRODUCT_BUNDLE_IDENTIFIER = com.mast3rsoft.Set;
				PRODUCT_NAME = "$(TARGET_NAME)";
				SWIFT_VERSION = 5.0;
				TARGETED_DEVICE_FAMILY = "1,2";
			};
			name = Debug;
		};
		23C9CEE322C7B4A2001373DC /* Release */ = {
			isa = XCBuildConfiguration;
			buildSettings = {
				ASSETCATALOG_COMPILER_APPICON_NAME = AppIcon;
				CODE_SIGN_STYLE = Automatic;
				DEVELOPMENT_TEAM = 4YN9Y656UY;
				INFOPLIST_FILE = Set/Info.plist;
				LD_RUNPATH_SEARCH_PATHS = (
					"$(inherited)",
					"@executable_path/Frameworks",
				);
				PRODUCT_BUNDLE_IDENTIFIER = com.mast3rsoft.Set;
				PRODUCT_NAME = "$(TARGET_NAME)";
				SWIFT_VERSION = 5.0;
				TARGETED_DEVICE_FAMILY = "1,2";
			};
			name = Release;
		};
		23C9CEE522C7B4A2001373DC /* Debug */ = {
			isa = XCBuildConfiguration;
			buildSettings = {
				ALWAYS_EMBED_SWIFT_STANDARD_LIBRARIES = YES;
				BUNDLE_LOADER = "$(TEST_HOST)";
				CODE_SIGN_STYLE = Automatic;
				INFOPLIST_FILE = SetTests/Info.plist;
				LD_RUNPATH_SEARCH_PATHS = (
					"$(inherited)",
					"@executable_path/Frameworks",
					"@loader_path/Frameworks",
				);
				PRODUCT_BUNDLE_IDENTIFIER = com.mast3rsoft.SetTests;
				PRODUCT_NAME = "$(TARGET_NAME)";
				SWIFT_VERSION = 5.0;
				TARGETED_DEVICE_FAMILY = "1,2";
				TEST_HOST = "$(BUILT_PRODUCTS_DIR)/Set.app/Set";
			};
			name = Debug;
		};
		23C9CEE622C7B4A2001373DC /* Release */ = {
			isa = XCBuildConfiguration;
			buildSettings = {
				ALWAYS_EMBED_SWIFT_STANDARD_LIBRARIES = YES;
				BUNDLE_LOADER = "$(TEST_HOST)";
				CODE_SIGN_STYLE = Automatic;
				INFOPLIST_FILE = SetTests/Info.plist;
				LD_RUNPATH_SEARCH_PATHS = (
					"$(inherited)",
					"@executable_path/Frameworks",
					"@loader_path/Frameworks",
				);
				PRODUCT_BUNDLE_IDENTIFIER = com.mast3rsoft.SetTests;
				PRODUCT_NAME = "$(TARGET_NAME)";
				SWIFT_VERSION = 5.0;
				TARGETED_DEVICE_FAMILY = "1,2";
				TEST_HOST = "$(BUILT_PRODUCTS_DIR)/Set.app/Set";
			};
			name = Release;
		};
		23C9CEE822C7B4A2001373DC /* Debug */ = {
			isa = XCBuildConfiguration;
			buildSettings = {
				ALWAYS_EMBED_SWIFT_STANDARD_LIBRARIES = YES;
				CODE_SIGN_STYLE = Automatic;
				INFOPLIST_FILE = SetUITests/Info.plist;
				LD_RUNPATH_SEARCH_PATHS = (
					"$(inherited)",
					"@executable_path/Frameworks",
					"@loader_path/Frameworks",
				);
				PRODUCT_BUNDLE_IDENTIFIER = com.mast3rsoft.SetUITests;
				PRODUCT_NAME = "$(TARGET_NAME)";
				SWIFT_VERSION = 5.0;
				TARGETED_DEVICE_FAMILY = "1,2";
				TEST_TARGET_NAME = Set;
			};
			name = Debug;
		};
		23C9CEE922C7B4A2001373DC /* Release */ = {
			isa = XCBuildConfiguration;
			buildSettings = {
				ALWAYS_EMBED_SWIFT_STANDARD_LIBRARIES = YES;
				CODE_SIGN_STYLE = Automatic;
				INFOPLIST_FILE = SetUITests/Info.plist;
				LD_RUNPATH_SEARCH_PATHS = (
					"$(inherited)",
					"@executable_path/Frameworks",
					"@loader_path/Frameworks",
				);
				PRODUCT_BUNDLE_IDENTIFIER = com.mast3rsoft.SetUITests;
				PRODUCT_NAME = "$(TARGET_NAME)";
				SWIFT_VERSION = 5.0;
				TARGETED_DEVICE_FAMILY = "1,2";
				TEST_TARGET_NAME = Set;
			};
			name = Release;
		};
/* End XCBuildConfiguration section */

/* Begin XCConfigurationList section */
		23C9CEB422C7B4A0001373DC /* Build configuration list for PBXProject "Set" */ = {
			isa = XCConfigurationList;
			buildConfigurations = (
				23C9CEDF22C7B4A2001373DC /* Debug */,
				23C9CEE022C7B4A2001373DC /* Release */,
			);
			defaultConfigurationIsVisible = 0;
			defaultConfigurationName = Release;
		};
		23C9CEE122C7B4A2001373DC /* Build configuration list for PBXNativeTarget "Set" */ = {
			isa = XCConfigurationList;
			buildConfigurations = (
				23C9CEE222C7B4A2001373DC /* Debug */,
				23C9CEE322C7B4A2001373DC /* Release */,
			);
			defaultConfigurationIsVisible = 0;
			defaultConfigurationName = Release;
		};
		23C9CEE422C7B4A2001373DC /* Build configuration list for PBXNativeTarget "SetTests" */ = {
			isa = XCConfigurationList;
			buildConfigurations = (
				23C9CEE522C7B4A2001373DC /* Debug */,
				23C9CEE622C7B4A2001373DC /* Release */,
			);
			defaultConfigurationIsVisible = 0;
			defaultConfigurationName = Release;
		};
		23C9CEE722C7B4A2001373DC /* Build configuration list for PBXNativeTarget "SetUITests" */ = {
			isa = XCConfigurationList;
			buildConfigurations = (
				23C9CEE822C7B4A2001373DC /* Debug */,
				23C9CEE922C7B4A2001373DC /* Release */,
			);
			defaultConfigurationIsVisible = 0;
			defaultConfigurationName = Release;
		};
/* End XCConfigurationList section */
	};
	rootObject = 23C9CEB122C7B4A0001373DC /* Project object */;
}
